
Microsoft Visual Studio Solution File, Format Version 12.00
# Visual Studio Version 17
VisualStudioVersion = 17.14.36127.28
MinimumVisualStudioVersion = 10.0.40219.1
Project("{8BC9CEB8-8B4A-11D0-8D11-00A0C91BC942}") = "core", "core\core.vcxproj", "{3FECC6FF-C6E9-3C40-AB4B-6F533B165AFC}"
EndProject
Project("{8BC9CEB8-8B4A-11D0-8D11-00A0C91BC942}") = "tset", "tset\tset.vcxproj", "{082A813A-7C71-41E5-A51A-A89A1704086E}"
EndProject
Global
	GlobalSection(SolutionConfigurationPlatforms) = preSolution
		Debug|ARM64 = Debug|ARM64
		Debug|x64 = Debug|x64
		Release|ARM64 = Release|ARM64
		Release|x64 = Release|x64
	EndGlobalSection
	GlobalSection(ProjectConfigurationPlatforms) = postSolution
		{3FECC6FF-C6E9-3C40-AB4B-6F533B165AFC}.Debug|ARM64.ActiveCfg = Debug|ARM64
		{3FECC6FF-C6E9-3C40-AB4B-6F533B165AFC}.Debug|ARM64.Build.0 = Debug|ARM64
		{3FECC6FF-C6E9-3C40-AB4B-6F533B165AFC}.Debug|ARM64.Deploy.0 = Debug|ARM64
		{3FECC6FF-C6E9-3C40-AB4B-6F533B165AFC}.Debug|x64.ActiveCfg = Debug|x64
		{3FECC6FF-C6E9-3C40-AB4B-6F533B165AFC}.Debug|x64.Build.0 = Debug|x64
		{3FECC6FF-C6E9-3C40-AB4B-6F533B165AFC}.Debug|x64.Deploy.0 = Debug|x64
		{3FECC6FF-C6E9-3C40-AB4B-6F533B165AFC}.Release|ARM64.ActiveCfg = Release|ARM64
		{3FECC6FF-C6E9-3C40-AB4B-6F533B165AFC}.Release|ARM64.Build.0 = Release|ARM64
		{3FECC6FF-C6E9-3C40-AB4B-6F533B165AFC}.Release|ARM64.Deploy.0 = Release|ARM64
		{3FECC6FF-C6E9-3C40-AB4B-6F533B165AFC}.Release|x64.ActiveCfg = Release|x64
		{3FECC6FF-C6E9-3C40-AB4B-6F533B165AFC}.Release|x64.Build.0 = Release|x64
		{3FECC6FF-C6E9-3C40-AB4B-6F533B165AFC}.Release|x64.Deploy.0 = Release|x64
		{082A813A-7C71-41E5-A51A-A89A1704086E}.Debug|ARM64.ActiveCfg = Debug|x64
		{082A813A-7C71-41E5-A51A-A89A1704086E}.Debug|ARM64.Build.0 = Debug|x64
		{082A813A-7C71-41E5-A51A-A89A1704086E}.Debug|x64.ActiveCfg = Debug|x64
		{082A813A-7C71-41E5-A51A-A89A1704086E}.Debug|x64.Build.0 = Debug|x64
		{082A813A-7C71-41E5-A51A-A89A1704086E}.Release|ARM64.ActiveCfg = Release|x64
		{082A813A-7C71-41E5-A51A-A89A1704086E}.Release|ARM64.Build.0 = Release|x64
		{082A813A-7C71-41E5-A51A-A89A1704086E}.Release|x64.ActiveCfg = Release|x64
		{082A813A-7C71-41E5-A51A-A89A1704086E}.Release|x64.Build.0 = Release|x64
	EndGlobalSection
	GlobalSection(SolutionProperties) = preSolution
		HideSolutionNode = FALSE
	EndGlobalSection
	GlobalSection(ExtensibilityGlobals) = postSolution
		SolutionGuid = {59CCEB78-0769-40D8-97EB-10193A084FF2}
	EndGlobalSection
EndGlobal
